
Microsoft Visual Studio Solution File, Format Version 12.00
# Visual Studio Version 16
VisualStudioVersion = 16.0.31025.194
MinimumVisualStudioVersion = 10.0.40219.1
Project("{FAE04EC0-301F-11D3-BF4B-00C04F79EFBC}") = "proyectoDAM", "proyectoDAM\proyectoDAM.csproj", "{77203BCD-DAB9-429E-8E03-289572219B0B}"
EndProject
Project("{FAE04EC0-301F-11D3-BF4B-00C04F79EFBC}") = "ProyectoDam.Datos", "ProyectoDam.Datos\ProyectoDam.Datos.csproj", "{28B6D849-1B95-466A-A508-5DEC319DEFFA}"
EndProject
Project("{FAE04EC0-301F-11D3-BF4B-00C04F79EFBC}") = "ProyectoDam.Serv", "ProyectoDam.Serv\ProyectoDam.Serv.csproj", "{14D7BC8A-C486-4F17-9557-9F0D944D4989}"
EndProject
Global
	GlobalSection(SolutionConfigurationPlatforms) = preSolution
		Debug|Any CPU = Debug|Any CPU
		Release|Any CPU = Release|Any CPU
	EndGlobalSection
	GlobalSection(ProjectConfigurationPlatforms) = postSolution
		{77203BCD-DAB9-429E-8E03-289572219B0B}.Debug|Any CPU.ActiveCfg = Debug|Any CPU
		{77203BCD-DAB9-429E-8E03-289572219B0B}.Debug|Any CPU.Build.0 = Debug|Any CPU
		{77203BCD-DAB9-429E-8E03-289572219B0B}.Release|Any CPU.ActiveCfg = Release|Any CPU
		{77203BCD-DAB9-429E-8E03-289572219B0B}.Release|Any CPU.Build.0 = Release|Any CPU
		{28B6D849-1B95-466A-A508-5DEC319DEFFA}.Debug|Any CPU.ActiveCfg = Debug|Any CPU
		{28B6D849-1B95-466A-A508-5DEC319DEFFA}.Debug|Any CPU.Build.0 = Debug|Any CPU
		{28B6D849-1B95-466A-A508-5DEC319DEFFA}.Release|Any CPU.ActiveCfg = Release|Any CPU
		{28B6D849-1B95-466A-A508-5DEC319DEFFA}.Release|Any CPU.Build.0 = Release|Any CPU
		{14D7BC8A-C486-4F17-9557-9F0D944D4989}.Debug|Any CPU.ActiveCfg = Debug|Any CPU
		{14D7BC8A-C486-4F17-9557-9F0D944D4989}.Debug|Any CPU.Build.0 = Debug|Any CPU
		{14D7BC8A-C486-4F17-9557-9F0D944D4989}.Release|Any CPU.ActiveCfg = Release|Any CPU
		{14D7BC8A-C486-4F17-9557-9F0D944D4989}.Release|Any CPU.Build.0 = Release|Any CPU
	EndGlobalSection
	GlobalSection(SolutionProperties) = preSolution
		HideSolutionNode = FALSE
	EndGlobalSection
	GlobalSection(ExtensibilityGlobals) = postSolution
		SolutionGuid = {E02A7C92-1190-4440-B984-12AFDAB50EE4}
	EndGlobalSection
EndGlobal
